
Microsoft Visual Studio Solution File, Format Version 12.00
# Visual Studio 14
VisualStudioVersion = 14.0.23107.0
MinimumVisualStudioVersion = 10.0.40219.1
Project("{2150E333-8FDC-42A3-9474-1A3956D46DE8}") = "Data", "Data", "{B6A4DFA8-5FE6-4A61-863C-A485C3CE8FAD}"
EndProject
Project("{2150E333-8FDC-42A3-9474-1A3956D46DE8}") = "Tests", "Tests", "{17FC3C0D-CB33-4301-A67C-BB39EB234B05}"
EndProject
Project("{FAE04EC0-301F-11D3-BF4B-00C04F79EFBC}") = "TechSupport.Data", "Data\TechSupport.Data\TechSupport.Data.csproj", "{D10DA00D-E3EC-40EC-BD6F-E0D5E7B8C417}"
EndProject
Project("{FAE04EC0-301F-11D3-BF4B-00C04F79EFBC}") = "TechSupport.Data.Models", "Data\TechSupport.Data.Models\TechSupport.Data.Models.csproj", "{B55B5ED7-2ECC-47B1-903C-DEA2317BD7AA}"
EndProject
Project("{2150E333-8FDC-42A3-9474-1A3956D46DE8}") = "Common", "Common", "{106CF713-6284-4111-8DBF-BE931D964C0C}"
EndProject
Project("{FAE04EC0-301F-11D3-BF4B-00C04F79EFBC}") = "TechSupport.Common", "Common\TechSupport.Common\TechSupport.Common.csproj", "{751F2711-F001-4EB7-99D6-CBBD63ADA8FF}"
EndProject
Project("{FAE04EC0-301F-11D3-BF4B-00C04F79EFBC}") = "TechSupport.Data.Common", "Data\TechSupport.Data.Common\TechSupport.Data.Common.csproj", "{E2431B47-04CC-48A6-ADEC-F559C079D331}"
EndProject
Project("{2150E333-8FDC-42A3-9474-1A3956D46DE8}") = ".nuget", ".nuget", "{A9C9264B-D565-461C-9046-63FAFDAC68BA}"
	ProjectSection(SolutionItems) = preProject
		.nuget\NuGet.Config = .nuget\NuGet.Config
		.nuget\NuGet.exe = .nuget\NuGet.exe
		.nuget\NuGet.targets = .nuget\NuGet.targets
	EndProjectSection
EndProject
Project("{2150E333-8FDC-42A3-9474-1A3956D46DE8}") = "WebAPI", "WebAPI", "{C3222EC9-DE62-4E65-8010-F5908EED549A}"
EndProject
Project("{FAE04EC0-301F-11D3-BF4B-00C04F79EFBC}") = "TechSupport.WebAPI", "WebAPI\TechSupport.WebAPI\TechSupport.WebAPI.csproj", "{1EBBBC16-2CD1-4922-9B27-51DC8EC36B20}"
EndProject
Project("{FAE04EC0-301F-11D3-BF4B-00C04F79EFBC}") = "TechSupport.WebAPI.Infrastructure", "WebAPI\TechSupport.WebAPI.Infrastructure\TechSupport.WebAPI.Infrastructure.csproj", "{6DEA00A8-55E2-4B59-883F-C808642AB0B0}"
EndProject
Project("{2150E333-8FDC-42A3-9474-1A3956D46DE8}") = "WebClient", "WebClient", "{D3F7DE38-382D-4034-902A-06F4D2A2799A}"
EndProject
Project("{FAE04EC0-301F-11D3-BF4B-00C04F79EFBC}") = "Web.Client", "WebClient\Web.Client\Web.Client.csproj", "{809E58CB-F2F6-4F90-8E71-D9D0F46C331B}"
EndProject
Global
	GlobalSection(SolutionConfigurationPlatforms) = preSolution
		Debug|Any CPU = Debug|Any CPU
		Release|Any CPU = Release|Any CPU
	EndGlobalSection
	GlobalSection(ProjectConfigurationPlatforms) = postSolution
		{D10DA00D-E3EC-40EC-BD6F-E0D5E7B8C417}.Debug|Any CPU.ActiveCfg = Release|Any CPU
		{D10DA00D-E3EC-40EC-BD6F-E0D5E7B8C417}.Debug|Any CPU.Build.0 = Release|Any CPU
		{D10DA00D-E3EC-40EC-BD6F-E0D5E7B8C417}.Release|Any CPU.ActiveCfg = Release|Any CPU
		{D10DA00D-E3EC-40EC-BD6F-E0D5E7B8C417}.Release|Any CPU.Build.0 = Release|Any CPU
		{B55B5ED7-2ECC-47B1-903C-DEA2317BD7AA}.Debug|Any CPU.ActiveCfg = Release|Any CPU
		{B55B5ED7-2ECC-47B1-903C-DEA2317BD7AA}.Debug|Any CPU.Build.0 = Release|Any CPU
		{B55B5ED7-2ECC-47B1-903C-DEA2317BD7AA}.Release|Any CPU.ActiveCfg = Release|Any CPU
		{B55B5ED7-2ECC-47B1-903C-DEA2317BD7AA}.Release|Any CPU.Build.0 = Release|Any CPU
		{751F2711-F001-4EB7-99D6-CBBD63ADA8FF}.Debug|Any CPU.ActiveCfg = Release|Any CPU
		{751F2711-F001-4EB7-99D6-CBBD63ADA8FF}.Debug|Any CPU.Build.0 = Release|Any CPU
		{751F2711-F001-4EB7-99D6-CBBD63ADA8FF}.Release|Any CPU.ActiveCfg = Release|Any CPU
		{751F2711-F001-4EB7-99D6-CBBD63ADA8FF}.Release|Any CPU.Build.0 = Release|Any CPU
		{E2431B47-04CC-48A6-ADEC-F559C079D331}.Debug|Any CPU.ActiveCfg = Release|Any CPU
		{E2431B47-04CC-48A6-ADEC-F559C079D331}.Debug|Any CPU.Build.0 = Release|Any CPU
		{E2431B47-04CC-48A6-ADEC-F559C079D331}.Release|Any CPU.ActiveCfg = Release|Any CPU
		{E2431B47-04CC-48A6-ADEC-F559C079D331}.Release|Any CPU.Build.0 = Release|Any CPU
		{1EBBBC16-2CD1-4922-9B27-51DC8EC36B20}.Debug|Any CPU.ActiveCfg = Release|Any CPU
		{1EBBBC16-2CD1-4922-9B27-51DC8EC36B20}.Debug|Any CPU.Build.0 = Release|Any CPU
		{1EBBBC16-2CD1-4922-9B27-51DC8EC36B20}.Release|Any CPU.ActiveCfg = Release|Any CPU
		{1EBBBC16-2CD1-4922-9B27-51DC8EC36B20}.Release|Any CPU.Build.0 = Release|Any CPU
		{6DEA00A8-55E2-4B59-883F-C808642AB0B0}.Debug|Any CPU.ActiveCfg = Release|Any CPU
		{6DEA00A8-55E2-4B59-883F-C808642AB0B0}.Debug|Any CPU.Build.0 = Release|Any CPU
		{6DEA00A8-55E2-4B59-883F-C808642AB0B0}.Release|Any CPU.ActiveCfg = Release|Any CPU
		{6DEA00A8-55E2-4B59-883F-C808642AB0B0}.Release|Any CPU.Build.0 = Release|Any CPU
		{809E58CB-F2F6-4F90-8E71-D9D0F46C331B}.Debug|Any CPU.ActiveCfg = Debug|Any CPU
		{809E58CB-F2F6-4F90-8E71-D9D0F46C331B}.Debug|Any CPU.Build.0 = Debug|Any CPU
		{809E58CB-F2F6-4F90-8E71-D9D0F46C331B}.Release|Any CPU.ActiveCfg = Release|Any CPU
		{809E58CB-F2F6-4F90-8E71-D9D0F46C331B}.Release|Any CPU.Build.0 = Release|Any CPU
	EndGlobalSection
	GlobalSection(SolutionProperties) = preSolution
		HideSolutionNode = FALSE
	EndGlobalSection
	GlobalSection(NestedProjects) = preSolution
		{D10DA00D-E3EC-40EC-BD6F-E0D5E7B8C417} = {B6A4DFA8-5FE6-4A61-863C-A485C3CE8FAD}
		{B55B5ED7-2ECC-47B1-903C-DEA2317BD7AA} = {B6A4DFA8-5FE6-4A61-863C-A485C3CE8FAD}
		{751F2711-F001-4EB7-99D6-CBBD63ADA8FF} = {106CF713-6284-4111-8DBF-BE931D964C0C}
		{E2431B47-04CC-48A6-ADEC-F559C079D331} = {B6A4DFA8-5FE6-4A61-863C-A485C3CE8FAD}
		{1EBBBC16-2CD1-4922-9B27-51DC8EC36B20} = {C3222EC9-DE62-4E65-8010-F5908EED549A}
		{6DEA00A8-55E2-4B59-883F-C808642AB0B0} = {C3222EC9-DE62-4E65-8010-F5908EED549A}
		{809E58CB-F2F6-4F90-8E71-D9D0F46C331B} = {D3F7DE38-382D-4034-902A-06F4D2A2799A}
	EndGlobalSection
	GlobalSection(PhysicalSolutionFolders) = postSolution
		NumEntries = 1
		0SolutionFolder = WebClient
		0PhysicalFolder = WebClient
		0Filter = .*
		0DirFilter = .*
		0Relative = True
		0Recursive = True
		0Force = True
		0DropEmpty = True
	EndGlobalSection
EndGlobal
