
Microsoft Visual Studio Solution File, Format Version 12.00
# Visual Studio 14
VisualStudioVersion = 14.0.23107.0
MinimumVisualStudioVersion = 10.0.40219.1
Project("{2150E333-8FDC-42A3-9474-1A3956D46DE8}") = "Data", "Data", "{B6A4DFA8-5FE6-4A61-863C-A485C3CE8FAD}"
EndProject
Project("{2150E333-8FDC-42A3-9474-1A3956D46DE8}") = "Tests", "Tests", "{17FC3C0D-CB33-4301-A67C-BB39EB234B05}"
EndProject
Project("{FAE04EC0-301F-11D3-BF4B-00C04F79EFBC}") = "TechSupport.Data", "Data\TechSupport.Data\TechSupport.Data.csproj", "{D10DA00D-E3EC-40EC-BD6F-E0D5E7B8C417}"
EndProject
Project("{FAE04EC0-301F-11D3-BF4B-00C04F79EFBC}") = "TechSupport.Data.Models", "Data\TechSupport.Data.Models\TechSupport.Data.Models.csproj", "{B55B5ED7-2ECC-47B1-903C-DEA2317BD7AA}"
EndProject
Project("{FAE04EC0-301F-11D3-BF4B-00C04F79EFBC}") = "TechSupport.Data.Common", "Data\TechSupport.Data.Common\TechSupport.Data.Common.csproj", "{E2431B47-04CC-48A6-ADEC-F559C079D331}"
EndProject
Project("{2150E333-8FDC-42A3-9474-1A3956D46DE8}") = ".nuget", ".nuget", "{A9C9264B-D565-461C-9046-63FAFDAC68BA}"
	ProjectSection(SolutionItems) = preProject
		.nuget\NuGet.Config = .nuget\NuGet.Config
		.nuget\NuGet.exe = .nuget\NuGet.exe
		.nuget\NuGet.targets = .nuget\NuGet.targets
	EndProjectSection
EndProject
Project("{2150E333-8FDC-42A3-9474-1A3956D46DE8}") = "Server", "Server", "{C3222EC9-DE62-4E65-8010-F5908EED549A}"
EndProject
Project("{FAE04EC0-301F-11D3-BF4B-00C04F79EFBC}") = "TechSupport.WebAPI", "WebAPI\TechSupport.WebAPI\TechSupport.WebAPI.csproj", "{1EBBBC16-2CD1-4922-9B27-51DC8EC36B20}"
EndProject
Project("{FAE04EC0-301F-11D3-BF4B-00C04F79EFBC}") = "TechSupport.WebAPI.Infrastructure", "WebAPI\TechSupport.WebAPI.Infrastructure\TechSupport.WebAPI.Infrastructure.csproj", "{6DEA00A8-55E2-4B59-883F-C808642AB0B0}"
EndProject
Project("{2150E333-8FDC-42A3-9474-1A3956D46DE8}") = "Client", "Client", "{D3F7DE38-382D-4034-902A-06F4D2A2799A}"
EndProject
Project("{FAE04EC0-301F-11D3-BF4B-00C04F79EFBC}") = "Web.Client", "WebClient\Web.Client\Web.Client.csproj", "{809E58CB-F2F6-4F90-8E71-D9D0F46C331B}"
EndProject
Project("{2150E333-8FDC-42A3-9474-1A3956D46DE8}") = "Services", "Services", "{2EED064D-4F4B-479B-95D8-D10AED907262}"
EndProject
Project("{FAE04EC0-301F-11D3-BF4B-00C04F79EFBC}") = "TechSupport.Services.Data", "Services\TechSupport.Services.Data\TechSupport.Services.Data.csproj", "{29AA4C3B-5AD5-43FE-AD0C-31C32763FED1}"
EndProject
Project("{FAE04EC0-301F-11D3-BF4B-00C04F79EFBC}") = "TechSupport.Services.Common", "Services\TechSupport.Services.Common\TechSupport.Services.Common.csproj", "{32D29A27-268E-4000-968D-D33D2EF65381}"
EndProject
Project("{FAE04EC0-301F-11D3-BF4B-00C04F79EFBC}") = "TechSupport.Services.Logic", "Services\TechSupport.Services.Logic\TechSupport.Services.Logic.csproj", "{CE0B4004-B794-4151-86AC-63ED55BC0096}"
EndProject
Project("{FAE04EC0-301F-11D3-BF4B-00C04F79EFBC}") = "TechSupport.WebAPI.DataModels", "WebAPI\TechSupport.WebAPI.DataModels\TechSupport.WebAPI.DataModels.csproj", "{34CE2130-7C39-43E8-B43E-A66DFC6CBFF9}"
EndProject
Project("{FAE04EC0-301F-11D3-BF4B-00C04F79EFBC}") = "TechSupport.WebAPI.Common", "WebAPI\TechSupport.WebApi.Common\TechSupport.WebAPI.Common.csproj", "{0603DFD5-D0CE-4C06-952C-F1DEDEF8E314}"
EndProject
Global
	GlobalSection(SolutionConfigurationPlatforms) = preSolution
		Debug|Any CPU = Debug|Any CPU
		Release|Any CPU = Release|Any CPU
	EndGlobalSection
	GlobalSection(ProjectConfigurationPlatforms) = postSolution
		{D10DA00D-E3EC-40EC-BD6F-E0D5E7B8C417}.Debug|Any CPU.ActiveCfg = Release|Any CPU
		{D10DA00D-E3EC-40EC-BD6F-E0D5E7B8C417}.Debug|Any CPU.Build.0 = Release|Any CPU
		{D10DA00D-E3EC-40EC-BD6F-E0D5E7B8C417}.Release|Any CPU.ActiveCfg = Release|Any CPU
		{D10DA00D-E3EC-40EC-BD6F-E0D5E7B8C417}.Release|Any CPU.Build.0 = Release|Any CPU
		{B55B5ED7-2ECC-47B1-903C-DEA2317BD7AA}.Debug|Any CPU.ActiveCfg = Release|Any CPU
		{B55B5ED7-2ECC-47B1-903C-DEA2317BD7AA}.Debug|Any CPU.Build.0 = Release|Any CPU
		{B55B5ED7-2ECC-47B1-903C-DEA2317BD7AA}.Release|Any CPU.ActiveCfg = Release|Any CPU
		{B55B5ED7-2ECC-47B1-903C-DEA2317BD7AA}.Release|Any CPU.Build.0 = Release|Any CPU
		{E2431B47-04CC-48A6-ADEC-F559C079D331}.Debug|Any CPU.ActiveCfg = Release|Any CPU
		{E2431B47-04CC-48A6-ADEC-F559C079D331}.Debug|Any CPU.Build.0 = Release|Any CPU
		{E2431B47-04CC-48A6-ADEC-F559C079D331}.Release|Any CPU.ActiveCfg = Release|Any CPU
		{E2431B47-04CC-48A6-ADEC-F559C079D331}.Release|Any CPU.Build.0 = Release|Any CPU
		{1EBBBC16-2CD1-4922-9B27-51DC8EC36B20}.Debug|Any CPU.ActiveCfg = Release|Any CPU
		{1EBBBC16-2CD1-4922-9B27-51DC8EC36B20}.Debug|Any CPU.Build.0 = Release|Any CPU
		{1EBBBC16-2CD1-4922-9B27-51DC8EC36B20}.Release|Any CPU.ActiveCfg = Release|Any CPU
		{1EBBBC16-2CD1-4922-9B27-51DC8EC36B20}.Release|Any CPU.Build.0 = Release|Any CPU
		{6DEA00A8-55E2-4B59-883F-C808642AB0B0}.Debug|Any CPU.ActiveCfg = Release|Any CPU
		{6DEA00A8-55E2-4B59-883F-C808642AB0B0}.Debug|Any CPU.Build.0 = Release|Any CPU
		{6DEA00A8-55E2-4B59-883F-C808642AB0B0}.Release|Any CPU.ActiveCfg = Release|Any CPU
		{6DEA00A8-55E2-4B59-883F-C808642AB0B0}.Release|Any CPU.Build.0 = Release|Any CPU
		{809E58CB-F2F6-4F90-8E71-D9D0F46C331B}.Debug|Any CPU.ActiveCfg = Debug|Any CPU
		{809E58CB-F2F6-4F90-8E71-D9D0F46C331B}.Debug|Any CPU.Build.0 = Debug|Any CPU
		{809E58CB-F2F6-4F90-8E71-D9D0F46C331B}.Release|Any CPU.ActiveCfg = Release|Any CPU
		{809E58CB-F2F6-4F90-8E71-D9D0F46C331B}.Release|Any CPU.Build.0 = Release|Any CPU
		{29AA4C3B-5AD5-43FE-AD0C-31C32763FED1}.Debug|Any CPU.ActiveCfg = Debug|Any CPU
		{29AA4C3B-5AD5-43FE-AD0C-31C32763FED1}.Debug|Any CPU.Build.0 = Debug|Any CPU
		{29AA4C3B-5AD5-43FE-AD0C-31C32763FED1}.Release|Any CPU.ActiveCfg = Release|Any CPU
		{29AA4C3B-5AD5-43FE-AD0C-31C32763FED1}.Release|Any CPU.Build.0 = Release|Any CPU
		{32D29A27-268E-4000-968D-D33D2EF65381}.Debug|Any CPU.ActiveCfg = Debug|Any CPU
		{32D29A27-268E-4000-968D-D33D2EF65381}.Debug|Any CPU.Build.0 = Debug|Any CPU
		{32D29A27-268E-4000-968D-D33D2EF65381}.Release|Any CPU.ActiveCfg = Release|Any CPU
		{32D29A27-268E-4000-968D-D33D2EF65381}.Release|Any CPU.Build.0 = Release|Any CPU
		{CE0B4004-B794-4151-86AC-63ED55BC0096}.Debug|Any CPU.ActiveCfg = Debug|Any CPU
		{CE0B4004-B794-4151-86AC-63ED55BC0096}.Debug|Any CPU.Build.0 = Debug|Any CPU
		{CE0B4004-B794-4151-86AC-63ED55BC0096}.Release|Any CPU.ActiveCfg = Release|Any CPU
		{CE0B4004-B794-4151-86AC-63ED55BC0096}.Release|Any CPU.Build.0 = Release|Any CPU
		{34CE2130-7C39-43E8-B43E-A66DFC6CBFF9}.Debug|Any CPU.ActiveCfg = Debug|Any CPU
		{34CE2130-7C39-43E8-B43E-A66DFC6CBFF9}.Debug|Any CPU.Build.0 = Debug|Any CPU
		{34CE2130-7C39-43E8-B43E-A66DFC6CBFF9}.Release|Any CPU.ActiveCfg = Release|Any CPU
		{34CE2130-7C39-43E8-B43E-A66DFC6CBFF9}.Release|Any CPU.Build.0 = Release|Any CPU
		{0603DFD5-D0CE-4C06-952C-F1DEDEF8E314}.Debug|Any CPU.ActiveCfg = Debug|Any CPU
		{0603DFD5-D0CE-4C06-952C-F1DEDEF8E314}.Debug|Any CPU.Build.0 = Debug|Any CPU
		{0603DFD5-D0CE-4C06-952C-F1DEDEF8E314}.Release|Any CPU.ActiveCfg = Release|Any CPU
		{0603DFD5-D0CE-4C06-952C-F1DEDEF8E314}.Release|Any CPU.Build.0 = Release|Any CPU
	EndGlobalSection
	GlobalSection(SolutionProperties) = preSolution
		HideSolutionNode = FALSE
	EndGlobalSection
	GlobalSection(NestedProjects) = preSolution
		{D10DA00D-E3EC-40EC-BD6F-E0D5E7B8C417} = {B6A4DFA8-5FE6-4A61-863C-A485C3CE8FAD}
		{B55B5ED7-2ECC-47B1-903C-DEA2317BD7AA} = {B6A4DFA8-5FE6-4A61-863C-A485C3CE8FAD}
		{E2431B47-04CC-48A6-ADEC-F559C079D331} = {B6A4DFA8-5FE6-4A61-863C-A485C3CE8FAD}
		{1EBBBC16-2CD1-4922-9B27-51DC8EC36B20} = {C3222EC9-DE62-4E65-8010-F5908EED549A}
		{6DEA00A8-55E2-4B59-883F-C808642AB0B0} = {C3222EC9-DE62-4E65-8010-F5908EED549A}
		{809E58CB-F2F6-4F90-8E71-D9D0F46C331B} = {D3F7DE38-382D-4034-902A-06F4D2A2799A}
		{29AA4C3B-5AD5-43FE-AD0C-31C32763FED1} = {2EED064D-4F4B-479B-95D8-D10AED907262}
		{32D29A27-268E-4000-968D-D33D2EF65381} = {2EED064D-4F4B-479B-95D8-D10AED907262}
		{CE0B4004-B794-4151-86AC-63ED55BC0096} = {2EED064D-4F4B-479B-95D8-D10AED907262}
		{34CE2130-7C39-43E8-B43E-A66DFC6CBFF9} = {C3222EC9-DE62-4E65-8010-F5908EED549A}
		{0603DFD5-D0CE-4C06-952C-F1DEDEF8E314} = {C3222EC9-DE62-4E65-8010-F5908EED549A}
	EndGlobalSection
	GlobalSection(PhysicalSolutionFolders) = postSolution
		NumEntries = 1
		0SolutionFolder = WebClient
		0PhysicalFolder = WebClient
		0Filter = .*
		0DirFilter = .*
		0Relative = True
		0Recursive = True
		0Force = True
		0DropEmpty = True
	EndGlobalSection
EndGlobal
